
Microsoft Visual Studio Solution File, Format Version 12.00
# Visual Studio Version 16
VisualStudioVersion = 16.0.29025.244
MinimumVisualStudioVersion = 10.0.40219.1
Project("{FAE04EC0-301F-11D3-BF4B-00C04F79EFBC}") = "Blank Lulu (Beta)", "Blank Lulu (Beta)\Blank Lulu (Beta).csproj", "{BC9F5B52-74B4-479E-B98A-13E8FA65BF83}"
EndProject
Global
	GlobalSection(SolutionConfigurationPlatforms) = preSolution
		Debug|Any CPU = Debug|Any CPU
		Release|Any CPU = Release|Any CPU
	EndGlobalSection
	GlobalSection(ProjectConfigurationPlatforms) = postSolution
		{BC9F5B52-74B4-479E-B98A-13E8FA65BF83}.Debug|Any CPU.ActiveCfg = Debug|Any CPU
		{BC9F5B52-74B4-479E-B98A-13E8FA65BF83}.Debug|Any CPU.Build.0 = Debug|Any CPU
		{BC9F5B52-74B4-479E-B98A-13E8FA65BF83}.Release|Any CPU.ActiveCfg = Release|Any CPU
		{BC9F5B52-74B4-479E-B98A-13E8FA65BF83}.Release|Any CPU.Build.0 = Release|Any CPU
	EndGlobalSection
	GlobalSection(SolutionProperties) = preSolution
		HideSolutionNode = FALSE
	EndGlobalSection
	GlobalSection(ExtensibilityGlobals) = postSolution
		SolutionGuid = {F46D5627-1C14-4866-A349-434537946F40}
	EndGlobalSection
EndGlobal
